// !$*UTF8*$!
{
	archiveVersion = 1;
	classes = {
	};
	objectVersion = 55;
	objects = {

/* Begin PBXBuildFile section */
		3964FBDE292083F500110A7C /* LandmarksApp.swift in Sources */ = {isa = PBXBuildFile; fileRef = 3964FBDD292083F500110A7C /* LandmarksApp.swift */; };
		3964FBE0292083F500110A7C /* ContentView.swift in Sources */ = {isa = PBXBuildFile; fileRef = 3964FBDF292083F500110A7C /* ContentView.swift */; };
		3964FBE2292083F900110A7C /* Assets.xcassets in Resources */ = {isa = PBXBuildFile; fileRef = 3964FBE1292083F900110A7C /* Assets.xcassets */; };
		3964FBE5292083F900110A7C /* Preview Assets.xcassets in Resources */ = {isa = PBXBuildFile; fileRef = 3964FBE4292083F900110A7C /* Preview Assets.xcassets */; };
		3964FBEF292083F900110A7C /* LandmarksTests.swift in Sources */ = {isa = PBXBuildFile; fileRef = 3964FBEE292083F900110A7C /* LandmarksTests.swift */; };
		3964FBF9292083F900110A7C /* LandmarksUITests.swift in Sources */ = {isa = PBXBuildFile; fileRef = 3964FBF8292083F900110A7C /* LandmarksUITests.swift */; };
		3964FBFB292083F900110A7C /* LandmarksUITestsLaunchTests.swift in Sources */ = {isa = PBXBuildFile; fileRef = 3964FBFA292083F900110A7C /* LandmarksUITestsLaunchTests.swift */; };
		3964FC082921118800110A7C /* CircleImage.swift in Sources */ = {isa = PBXBuildFile; fileRef = 3964FC072921118800110A7C /* CircleImage.swift */; };
		3964FC0A2921132500110A7C /* MapView.swift in Sources */ = {isa = PBXBuildFile; fileRef = 3964FC092921132500110A7C /* MapView.swift */; };
		3964FC0C2921C05C00110A7C /* landmarkData.json in Resources */ = {isa = PBXBuildFile; fileRef = 3964FC0B2921C05C00110A7C /* landmarkData.json */; };
		3964FC0E2921C08500110A7C /* Landmark.swift in Sources */ = {isa = PBXBuildFile; fileRef = 3964FC0D2921C08500110A7C /* Landmark.swift */; };
		3964FC102921C15600110A7C /* ModelData.swift in Sources */ = {isa = PBXBuildFile; fileRef = 3964FC0F2921C15600110A7C /* ModelData.swift */; };
		3964FC152921C2A500110A7C /* LandmarkRow.swift in Sources */ = {isa = PBXBuildFile; fileRef = 3964FC142921C2A500110A7C /* LandmarkRow.swift */; };
		3964FC172921C43900110A7C /* LandmarkList.swift in Sources */ = {isa = PBXBuildFile; fileRef = 3964FC162921C43900110A7C /* LandmarkList.swift */; };
		3964FC192927C31B00110A7C /* LandmarkDetail.swift in Sources */ = {isa = PBXBuildFile; fileRef = 3964FC182927C31B00110A7C /* LandmarkDetail.swift */; };
/* End PBXBuildFile section */

/* Begin PBXContainerItemProxy section */
		3964FBEB292083F900110A7C /* PBXContainerItemProxy */ = {
			isa = PBXContainerItemProxy;
			containerPortal = 3964FBD2292083F500110A7C /* Project object */;
			proxyType = 1;
			remoteGlobalIDString = 3964FBD9292083F500110A7C;
			remoteInfo = Landmarks;
		};
		3964FBF5292083F900110A7C /* PBXContainerItemProxy */ = {
			isa = PBXContainerItemProxy;
			containerPortal = 3964FBD2292083F500110A7C /* Project object */;
			proxyType = 1;
			remoteGlobalIDString = 3964FBD9292083F500110A7C;
			remoteInfo = Landmarks;
		};
/* End PBXContainerItemProxy section */

/* Begin PBXFileReference section */
		3964FBDA292083F500110A7C /* Landmarks.app */ = {isa = PBXFileReference; explicitFileType = wrapper.application; includeInIndex = 0; path = Landmarks.app; sourceTree = BUILT_PRODUCTS_DIR; };
		3964FBDD292083F500110A7C /* LandmarksApp.swift */ = {isa = PBXFileReference; lastKnownFileType = sourcecode.swift; path = LandmarksApp.swift; sourceTree = "<group>"; };
		3964FBDF292083F500110A7C /* ContentView.swift */ = {isa = PBXFileReference; lastKnownFileType = sourcecode.swift; path = ContentView.swift; sourceTree = "<group>"; };
		3964FBE1292083F900110A7C /* Assets.xcassets */ = {isa = PBXFileReference; lastKnownFileType = folder.assetcatalog; path = Assets.xcassets; sourceTree = "<group>"; };
		3964FBE4292083F900110A7C /* Preview Assets.xcassets */ = {isa = PBXFileReference; lastKnownFileType = folder.assetcatalog; path = "Preview Assets.xcassets"; sourceTree = "<group>"; };
		3964FBEA292083F900110A7C /* LandmarksTests.xctest */ = {isa = PBXFileReference; explicitFileType = wrapper.cfbundle; includeInIndex = 0; path = LandmarksTests.xctest; sourceTree = BUILT_PRODUCTS_DIR; };
		3964FBEE292083F900110A7C /* LandmarksTests.swift */ = {isa = PBXFileReference; lastKnownFileType = sourcecode.swift; path = LandmarksTests.swift; sourceTree = "<group>"; };
		3964FBF4292083F900110A7C /* LandmarksUITests.xctest */ = {isa = PBXFileReference; explicitFileType = wrapper.cfbundle; includeInIndex = 0; path = LandmarksUITests.xctest; sourceTree = BUILT_PRODUCTS_DIR; };
		3964FBF8292083F900110A7C /* LandmarksUITests.swift */ = {isa = PBXFileReference; lastKnownFileType = sourcecode.swift; path = LandmarksUITests.swift; sourceTree = "<group>"; };
		3964FBFA292083F900110A7C /* LandmarksUITestsLaunchTests.swift */ = {isa = PBXFileReference; lastKnownFileType = sourcecode.swift; path = LandmarksUITestsLaunchTests.swift; sourceTree = "<group>"; };
		3964FC072921118800110A7C /* CircleImage.swift */ = {isa = PBXFileReference; lastKnownFileType = sourcecode.swift; path = CircleImage.swift; sourceTree = "<group>"; };
		3964FC092921132500110A7C /* MapView.swift */ = {isa = PBXFileReference; lastKnownFileType = sourcecode.swift; path = MapView.swift; sourceTree = "<group>"; };
		3964FC0B2921C05C00110A7C /* landmarkData.json */ = {isa = PBXFileReference; fileEncoding = 4; lastKnownFileType = text.json; path = landmarkData.json; sourceTree = "<group>"; };
		3964FC0D2921C08500110A7C /* Landmark.swift */ = {isa = PBXFileReference; lastKnownFileType = sourcecode.swift; path = Landmark.swift; sourceTree = "<group>"; };
		3964FC0F2921C15600110A7C /* ModelData.swift */ = {isa = PBXFileReference; lastKnownFileType = sourcecode.swift; path = ModelData.swift; sourceTree = "<group>"; };
		3964FC142921C2A500110A7C /* LandmarkRow.swift */ = {isa = PBXFileReference; lastKnownFileType = sourcecode.swift; path = LandmarkRow.swift; sourceTree = "<group>"; };
		3964FC162921C43900110A7C /* LandmarkList.swift */ = {isa = PBXFileReference; lastKnownFileType = sourcecode.swift; path = LandmarkList.swift; sourceTree = "<group>"; };
		3964FC182927C31B00110A7C /* LandmarkDetail.swift */ = {isa = PBXFileReference; lastKnownFileType = sourcecode.swift; path = LandmarkDetail.swift; sourceTree = "<group>"; };
/* End PBXFileReference section */

/* Begin PBXFrameworksBuildPhase section */
		3964FBD7292083F500110A7C /* Frameworks */ = {
			isa = PBXFrameworksBuildPhase;
			buildActionMask = 2147483647;
			files = (
			);
			runOnlyForDeploymentPostprocessing = 0;
		};
		3964FBE7292083F900110A7C /* Frameworks */ = {
			isa = PBXFrameworksBuildPhase;
			buildActionMask = 2147483647;
			files = (
			);
			runOnlyForDeploymentPostprocessing = 0;
		};
		3964FBF1292083F900110A7C /* Frameworks */ = {
			isa = PBXFrameworksBuildPhase;
			buildActionMask = 2147483647;
			files = (
			);
			runOnlyForDeploymentPostprocessing = 0;
		};
/* End PBXFrameworksBuildPhase section */

/* Begin PBXGroup section */
		3964FBD1292083F500110A7C = {
			isa = PBXGroup;
			children = (
				3964FBDC292083F500110A7C /* Landmarks */,
				3964FBED292083F900110A7C /* LandmarksTests */,
				3964FBF7292083F900110A7C /* LandmarksUITests */,
				3964FBDB292083F500110A7C /* Products */,
			);
			sourceTree = "<group>";
		};
		3964FBDB292083F500110A7C /* Products */ = {
			isa = PBXGroup;
			children = (
				3964FBDA292083F500110A7C /* Landmarks.app */,
				3964FBEA292083F900110A7C /* LandmarksTests.xctest */,
				3964FBF4292083F900110A7C /* LandmarksUITests.xctest */,
			);
			name = Products;
			sourceTree = "<group>";
		};
		3964FBDC292083F500110A7C /* Landmarks */ = {
			isa = PBXGroup;
			children = (
				3964FBDD292083F500110A7C /* LandmarksApp.swift */,
				3964FC112921C1C400110A7C /* Views */,
				3964FC122921C1F200110A7C /* Model */,
				3964FC132921C20300110A7C /* Resources */,
				3964FBE1292083F900110A7C /* Assets.xcassets */,
				3964FBE3292083F900110A7C /* Preview Content */,
			);
			path = Landmarks;
			sourceTree = "<group>";
		};
		3964FBE3292083F900110A7C /* Preview Content */ = {
			isa = PBXGroup;
			children = (
				3964FBE4292083F900110A7C /* Preview Assets.xcassets */,
			);
			path = "Preview Content";
			sourceTree = "<group>";
		};
		3964FBED292083F900110A7C /* LandmarksTests */ = {
			isa = PBXGroup;
			children = (
				3964FBEE292083F900110A7C /* LandmarksTests.swift */,
			);
			path = LandmarksTests;
			sourceTree = "<group>";
		};
		3964FBF7292083F900110A7C /* LandmarksUITests */ = {
			isa = PBXGroup;
			children = (
				3964FBF8292083F900110A7C /* LandmarksUITests.swift */,
				3964FBFA292083F900110A7C /* LandmarksUITestsLaunchTests.swift */,
			);
			path = LandmarksUITests;
			sourceTree = "<group>";
		};
		3964FC112921C1C400110A7C /* Views */ = {
			isa = PBXGroup;
			children = (
				3964FBDF292083F500110A7C /* ContentView.swift */,
				3964FC072921118800110A7C /* CircleImage.swift */,
				3964FC182927C31B00110A7C /* LandmarkDetail.swift */,
				3964FC162921C43900110A7C /* LandmarkList.swift */,
				3964FC142921C2A500110A7C /* LandmarkRow.swift */,
				3964FC092921132500110A7C /* MapView.swift */,
			);
			path = Views;
			sourceTree = "<group>";
		};
		3964FC122921C1F200110A7C /* Model */ = {
			isa = PBXGroup;
			children = (
				3964FC0F2921C15600110A7C /* ModelData.swift */,
				3964FC0D2921C08500110A7C /* Landmark.swift */,
			);
			path = Model;
			sourceTree = "<group>";
		};
		3964FC132921C20300110A7C /* Resources */ = {
			isa = PBXGroup;
			children = (
				3964FC0B2921C05C00110A7C /* landmarkData.json */,
			);
			path = Resources;
			sourceTree = "<group>";
		};
/* End PBXGroup section */

/* Begin PBXNativeTarget section */
		3964FBD9292083F500110A7C /* Landmarks */ = {
			isa = PBXNativeTarget;
			buildConfigurationList = 3964FBFE292083F900110A7C /* Build configuration list for PBXNativeTarget "Landmarks" */;
			buildPhases = (
				3964FBD6292083F500110A7C /* Sources */,
				3964FBD7292083F500110A7C /* Frameworks */,
				3964FBD8292083F500110A7C /* Resources */,
			);
			buildRules = (
			);
			dependencies = (
			);
			name = Landmarks;
			productName = Landmarks;
			productReference = 3964FBDA292083F500110A7C /* Landmarks.app */;
			productType = "com.apple.product-type.application";
		};
		3964FBE9292083F900110A7C /* LandmarksTests */ = {
			isa = PBXNativeTarget;
			buildConfigurationList = 3964FC01292083F900110A7C /* Build configuration list for PBXNativeTarget "LandmarksTests" */;
			buildPhases = (
				3964FBE6292083F900110A7C /* Sources */,
				3964FBE7292083F900110A7C /* Frameworks */,
				3964FBE8292083F900110A7C /* Resources */,
			);
			buildRules = (
			);
			dependencies = (
				3964FBEC292083F900110A7C /* PBXTargetDependency */,
			);
			name = LandmarksTests;
			productName = LandmarksTests;
			productReference = 3964FBEA292083F900110A7C /* LandmarksTests.xctest */;
			productType = "com.apple.product-type.bundle.unit-test";
		};
		3964FBF3292083F900110A7C /* LandmarksUITests */ = {
			isa = PBXNativeTarget;
			buildConfigurationList = 3964FC04292083F900110A7C /* Build configuration list for PBXNativeTarget "LandmarksUITests" */;
			buildPhases = (
				3964FBF0292083F900110A7C /* Sources */,
				3964FBF1292083F900110A7C /* Frameworks */,
				3964FBF2292083F900110A7C /* Resources */,
			);
			buildRules = (
			);
			dependencies = (
				3964FBF6292083F900110A7C /* PBXTargetDependency */,
			);
			name = LandmarksUITests;
			productName = LandmarksUITests;
			productReference = 3964FBF4292083F900110A7C /* LandmarksUITests.xctest */;
			productType = "com.apple.product-type.bundle.ui-testing";
		};
/* End PBXNativeTarget section */

/* Begin PBXProject section */
		3964FBD2292083F500110A7C /* Project object */ = {
			isa = PBXProject;
			attributes = {
				BuildIndependentTargetsInParallel = 1;
				LastSwiftUpdateCheck = 1320;
				LastUpgradeCheck = 1320;
				TargetAttributes = {
					3964FBD9292083F500110A7C = {
						CreatedOnToolsVersion = 13.2.1;
					};
					3964FBE9292083F900110A7C = {
						CreatedOnToolsVersion = 13.2.1;
						TestTargetID = 3964FBD9292083F500110A7C;
					};
					3964FBF3292083F900110A7C = {
						CreatedOnToolsVersion = 13.2.1;
						TestTargetID = 3964FBD9292083F500110A7C;
					};
				};
			};
			buildConfigurationList = 3964FBD5292083F500110A7C /* Build configuration list for PBXProject "Landmarks" */;
			compatibilityVersion = "Xcode 13.0";
			developmentRegion = en;
			hasScannedForEncodings = 0;
			knownRegions = (
				en,
				Base,
			);
			mainGroup = 3964FBD1292083F500110A7C;
			productRefGroup = 3964FBDB292083F500110A7C /* Products */;
			projectDirPath = "";
			projectRoot = "";
			targets = (
				3964FBD9292083F500110A7C /* Landmarks */,
				3964FBE9292083F900110A7C /* LandmarksTests */,
				3964FBF3292083F900110A7C /* LandmarksUITests */,
			);
		};
/* End PBXProject section */

/* Begin PBXResourcesBuildPhase section */
		3964FBD8292083F500110A7C /* Resources */ = {
			isa = PBXResourcesBuildPhase;
			buildActionMask = 2147483647;
			files = (
				3964FBE5292083F900110A7C /* Preview Assets.xcassets in Resources */,
				3964FBE2292083F900110A7C /* Assets.xcassets in Resources */,
				3964FC0C2921C05C00110A7C /* landmarkData.json in Resources */,
			);
			runOnlyForDeploymentPostprocessing = 0;
		};
		3964FBE8292083F900110A7C /* Resources */ = {
			isa = PBXResourcesBuildPhase;
			buildActionMask = 2147483647;
			files = (
			);
			runOnlyForDeploymentPostprocessing = 0;
		};
		3964FBF2292083F900110A7C /* Resources */ = {
			isa = PBXResourcesBuildPhase;
			buildActionMask = 2147483647;
			files = (
			);
			runOnlyForDeploymentPostprocessing = 0;
		};
/* End PBXResourcesBuildPhase section */

/* Begin PBXSourcesBuildPhase section */
		3964FBD6292083F500110A7C /* Sources */ = {
			isa = PBXSourcesBuildPhase;
			buildActionMask = 2147483647;
			files = (
				3964FBE0292083F500110A7C /* ContentView.swift in Sources */,
				3964FC0A2921132500110A7C /* MapView.swift in Sources */,
				3964FBDE292083F500110A7C /* LandmarksApp.swift in Sources */,
				3964FC082921118800110A7C /* CircleImage.swift in Sources */,
				3964FC192927C31B00110A7C /* LandmarkDetail.swift in Sources */,
				3964FC0E2921C08500110A7C /* Landmark.swift in Sources */,
				3964FC152921C2A500110A7C /* LandmarkRow.swift in Sources */,
				3964FC102921C15600110A7C /* ModelData.swift in Sources */,
				3964FC172921C43900110A7C /* LandmarkList.swift in Sources */,
			);
			runOnlyForDeploymentPostprocessing = 0;
		};
		3964FBE6292083F900110A7C /* Sources */ = {
			isa = PBXSourcesBuildPhase;
			buildActionMask = 2147483647;
			files = (
				3964FBEF292083F900110A7C /* LandmarksTests.swift in Sources */,
			);
			runOnlyForDeploymentPostprocessing = 0;
		};
		3964FBF0292083F900110A7C /* Sources */ = {
			isa = PBXSourcesBuildPhase;
			buildActionMask = 2147483647;
			files = (
				3964FBFB292083F900110A7C /* LandmarksUITestsLaunchTests.swift in Sources */,
				3964FBF9292083F900110A7C /* LandmarksUITests.swift in Sources */,
			);
			runOnlyForDeploymentPostprocessing = 0;
		};
/* End PBXSourcesBuildPhase section */

/* Begin PBXTargetDependency section */
		3964FBEC292083F900110A7C /* PBXTargetDependency */ = {
			isa = PBXTargetDependency;
			target = 3964FBD9292083F500110A7C /* Landmarks */;
			targetProxy = 3964FBEB292083F900110A7C /* PBXContainerItemProxy */;
		};
		3964FBF6292083F900110A7C /* PBXTargetDependency */ = {
			isa = PBXTargetDependency;
			target = 3964FBD9292083F500110A7C /* Landmarks */;
			targetProxy = 3964FBF5292083F900110A7C /* PBXContainerItemProxy */;
		};
/* End PBXTargetDependency section */

/* Begin XCBuildConfiguration section */
		3964FBFC292083F900110A7C /* Debug */ = {
			isa = XCBuildConfiguration;
			buildSettings = {
				ALWAYS_SEARCH_USER_PATHS = NO;
				CLANG_ANALYZER_NONNULL = YES;
				CLANG_ANALYZER_NUMBER_OBJECT_CONVERSION = YES_AGGRESSIVE;
				CLANG_CXX_LANGUAGE_STANDARD = "gnu++17";
				CLANG_CXX_LIBRARY = "libc++";
				CLANG_ENABLE_MODULES = YES;
				CLANG_ENABLE_OBJC_ARC = YES;
				CLANG_ENABLE_OBJC_WEAK = YES;
				CLANG_WARN_BLOCK_CAPTURE_AUTORELEASING = YES;
				CLANG_WARN_BOOL_CONVERSION = YES;
				CLANG_WARN_COMMA = YES;
				CLANG_WARN_CONSTANT_CONVERSION = YES;
				CLANG_WARN_DEPRECATED_OBJC_IMPLEMENTATIONS = YES;
				CLANG_WARN_DIRECT_OBJC_ISA_USAGE = YES_ERROR;
				CLANG_WARN_DOCUMENTATION_COMMENTS = YES;
				CLANG_WARN_EMPTY_BODY = YES;
				CLANG_WARN_ENUM_CONVERSION = YES;
				CLANG_WARN_INFINITE_RECURSION = YES;
				CLANG_WARN_INT_CONVERSION = YES;
				CLANG_WARN_NON_LITERAL_NULL_CONVERSION = YES;
				CLANG_WARN_OBJC_IMPLICIT_RETAIN_SELF = YES;
				CLANG_WARN_OBJC_LITERAL_CONVERSION = YES;
				CLANG_WARN_OBJC_ROOT_CLASS = YES_ERROR;
				CLANG_WARN_QUOTED_INCLUDE_IN_FRAMEWORK_HEADER = YES;
				CLANG_WARN_RANGE_LOOP_ANALYSIS = YES;
				CLANG_WARN_STRICT_PROTOTYPES = YES;
				CLANG_WARN_SUSPICIOUS_MOVE = YES;
				CLANG_WARN_UNGUARDED_AVAILABILITY = YES_AGGRESSIVE;
				CLANG_WARN_UNREACHABLE_CODE = YES;
				CLANG_WARN__DUPLICATE_METHOD_MATCH = YES;
				COPY_PHASE_STRIP = NO;
				DEBUG_INFORMATION_FORMAT = dwarf;
				ENABLE_STRICT_OBJC_MSGSEND = YES;
				ENABLE_TESTABILITY = YES;
				GCC_C_LANGUAGE_STANDARD = gnu11;
				GCC_DYNAMIC_NO_PIC = NO;
				GCC_NO_COMMON_BLOCKS = YES;
				GCC_OPTIMIZATION_LEVEL = 0;
				GCC_PREPROCESSOR_DEFINITIONS = (
					"DEBUG=1",
					"$(inherited)",
				);
				GCC_WARN_64_TO_32_BIT_CONVERSION = YES;
				GCC_WARN_ABOUT_RETURN_TYPE = YES_ERROR;
				GCC_WARN_UNDECLARED_SELECTOR = YES;
				GCC_WARN_UNINITIALIZED_AUTOS = YES_AGGRESSIVE;
				GCC_WARN_UNUSED_FUNCTION = YES;
				GCC_WARN_UNUSED_VARIABLE = YES;
				IPHONEOS_DEPLOYMENT_TARGET = 15.2;
				MTL_ENABLE_DEBUG_INFO = INCLUDE_SOURCE;
				MTL_FAST_MATH = YES;
				ONLY_ACTIVE_ARCH = YES;
				SDKROOT = iphoneos;
				SWIFT_ACTIVE_COMPILATION_CONDITIONS = DEBUG;
				SWIFT_OPTIMIZATION_LEVEL = "-Onone";
			};
			name = Debug;
		};
		3964FBFD292083F900110A7C /* Release */ = {
			isa = XCBuildConfiguration;
			buildSettings = {
				ALWAYS_SEARCH_USER_PATHS = NO;
				CLANG_ANALYZER_NONNULL = YES;
				CLANG_ANALYZER_NUMBER_OBJECT_CONVERSION = YES_AGGRESSIVE;
				CLANG_CXX_LANGUAGE_STANDARD = "gnu++17";
				CLANG_CXX_LIBRARY = "libc++";
				CLANG_ENABLE_MODULES = YES;
				CLANG_ENABLE_OBJC_ARC = YES;
				CLANG_ENABLE_OBJC_WEAK = YES;
				CLANG_WARN_BLOCK_CAPTURE_AUTORELEASING = YES;
				CLANG_WARN_BOOL_CONVERSION = YES;
				CLANG_WARN_COMMA = YES;
				CLANG_WARN_CONSTANT_CONVERSION = YES;
				CLANG_WARN_DEPRECATED_OBJC_IMPLEMENTATIONS = YES;
				CLANG_WARN_DIRECT_OBJC_ISA_USAGE = YES_ERROR;
				CLANG_WARN_DOCUMENTATION_COMMENTS = YES;
				CLANG_WARN_EMPTY_BODY = YES;
				CLANG_WARN_ENUM_CONVERSION = YES;
				CLANG_WARN_INFINITE_RECURSION = YES;
				CLANG_WARN_INT_CONVERSION = YES;
				CLANG_WARN_NON_LITERAL_NULL_CONVERSION = YES;
				CLANG_WARN_OBJC_IMPLICIT_RETAIN_SELF = YES;
				CLANG_WARN_OBJC_LITERAL_CONVERSION = YES;
				CLANG_WARN_OBJC_ROOT_CLASS = YES_ERROR;
				CLANG_WARN_QUOTED_INCLUDE_IN_FRAMEWORK_HEADER = YES;
				CLANG_WARN_RANGE_LOOP_ANALYSIS = YES;
				CLANG_WARN_STRICT_PROTOTYPES = YES;
				CLANG_WARN_SUSPICIOUS_MOVE = YES;
				CLANG_WARN_UNGUARDED_AVAILABILITY = YES_AGGRESSIVE;
				CLANG_WARN_UNREACHABLE_CODE = YES;
				CLANG_WARN__DUPLICATE_METHOD_MATCH = YES;
				COPY_PHASE_STRIP = NO;
				DEBUG_INFORMATION_FORMAT = "dwarf-with-dsym";
				ENABLE_NS_ASSERTIONS = NO;
				ENABLE_STRICT_OBJC_MSGSEND = YES;
				GCC_C_LANGUAGE_STANDARD = gnu11;
				GCC_NO_COMMON_BLOCKS = YES;
				GCC_WARN_64_TO_32_BIT_CONVERSION = YES;
				GCC_WARN_ABOUT_RETURN_TYPE = YES_ERROR;
				GCC_WARN_UNDECLARED_SELECTOR = YES;
				GCC_WARN_UNINITIALIZED_AUTOS = YES_AGGRESSIVE;
				GCC_WARN_UNUSED_FUNCTION = YES;
				GCC_WARN_UNUSED_VARIABLE = YES;
				IPHONEOS_DEPLOYMENT_TARGET = 15.2;
				MTL_ENABLE_DEBUG_INFO = NO;
				MTL_FAST_MATH = YES;
				SDKROOT = iphoneos;
				SWIFT_COMPILATION_MODE = wholemodule;
				SWIFT_OPTIMIZATION_LEVEL = "-O";
				VALIDATE_PRODUCT = YES;
			};
			name = Release;
		};
		3964FBFF292083F900110A7C /* Debug */ = {
			isa = XCBuildConfiguration;
			buildSettings = {
				ASSETCATALOG_COMPILER_APPICON_NAME = AppIcon;
				ASSETCATALOG_COMPILER_GLOBAL_ACCENT_COLOR_NAME = AccentColor;
				CODE_SIGN_STYLE = Automatic;
				CURRENT_PROJECT_VERSION = 1;
				DEVELOPMENT_ASSET_PATHS = "\"Landmarks/Preview Content\"";
				DEVELOPMENT_TEAM = 57C3275WJD;
				ENABLE_PREVIEWS = YES;
				GENERATE_INFOPLIST_FILE = YES;
				INFOPLIST_KEY_UIApplicationSceneManifest_Generation = YES;
				INFOPLIST_KEY_UIApplicationSupportsIndirectInputEvents = YES;
				INFOPLIST_KEY_UILaunchScreen_Generation = YES;
				INFOPLIST_KEY_UISupportedInterfaceOrientations_iPad = "UIInterfaceOrientationPortrait UIInterfaceOrientationPortraitUpsideDown UIInterfaceOrientationLandscapeLeft UIInterfaceOrientationLandscapeRight";
				INFOPLIST_KEY_UISupportedInterfaceOrientations_iPhone = "UIInterfaceOrientationPortrait UIInterfaceOrientationLandscapeLeft UIInterfaceOrientationLandscapeRight";
				LD_RUNPATH_SEARCH_PATHS = (
					"$(inherited)",
					"@executable_path/Frameworks",
				);
				MARKETING_VERSION = 1.0;
				PRODUCT_BUNDLE_IDENTIFIER = kreier.org.Landmarks;
				PRODUCT_NAME = "$(TARGET_NAME)";
				SWIFT_EMIT_LOC_STRINGS = YES;
				SWIFT_VERSION = 5.0;
				TARGETED_DEVICE_FAMILY = "1,2";
			};
			name = Debug;
		};
		3964FC00292083F900110A7C /* Release */ = {
			isa = XCBuildConfiguration;
			buildSettings = {
				ASSETCATALOG_COMPILER_APPICON_NAME = AppIcon;
				ASSETCATALOG_COMPILER_GLOBAL_ACCENT_COLOR_NAME = AccentColor;
				CODE_SIGN_STYLE = Automatic;
				CURRENT_PROJECT_VERSION = 1;
				DEVELOPMENT_ASSET_PATHS = "\"Landmarks/Preview Content\"";
				DEVELOPMENT_TEAM = 57C3275WJD;
				ENABLE_PREVIEWS = YES;
				GENERATE_INFOPLIST_FILE = YES;
				INFOPLIST_KEY_UIApplicationSceneManifest_Generation = YES;
				INFOPLIST_KEY_UIApplicationSupportsIndirectInputEvents = YES;
				INFOPLIST_KEY_UILaunchScreen_Generation = YES;
				INFOPLIST_KEY_UISupportedInterfaceOrientations_iPad = "UIInterfaceOrientationPortrait UIInterfaceOrientationPortraitUpsideDown UIInterfaceOrientationLandscapeLeft UIInterfaceOrientationLandscapeRight";
				INFOPLIST_KEY_UISupportedInterfaceOrientations_iPhone = "UIInterfaceOrientationPortrait UIInterfaceOrientationLandscapeLeft UIInterfaceOrientationLandscapeRight";
				LD_RUNPATH_SEARCH_PATHS = (
					"$(inherited)",
					"@executable_path/Frameworks",
				);
				MARKETING_VERSION = 1.0;
				PRODUCT_BUNDLE_IDENTIFIER = kreier.org.Landmarks;
				PRODUCT_NAME = "$(TARGET_NAME)";
				SWIFT_EMIT_LOC_STRINGS = YES;
				SWIFT_VERSION = 5.0;
				TARGETED_DEVICE_FAMILY = "1,2";
			};
			name = Release;
		};
		3964FC02292083F900110A7C /* Debug */ = {
			isa = XCBuildConfiguration;
			buildSettings = {
				ALWAYS_EMBED_SWIFT_STANDARD_LIBRARIES = YES;
				BUNDLE_LOADER = "$(TEST_HOST)";
				CODE_SIGN_STYLE = Automatic;
				CURRENT_PROJECT_VERSION = 1;
				DEVELOPMENT_TEAM = 57C3275WJD;
				GENERATE_INFOPLIST_FILE = YES;
				IPHONEOS_DEPLOYMENT_TARGET = 15.2;
				MARKETING_VERSION = 1.0;
				PRODUCT_BUNDLE_IDENTIFIER = kreier.org.LandmarksTests;
				PRODUCT_NAME = "$(TARGET_NAME)";
				SWIFT_EMIT_LOC_STRINGS = NO;
				SWIFT_VERSION = 5.0;
				TARGETED_DEVICE_FAMILY = "1,2";
				TEST_HOST = "$(BUILT_PRODUCTS_DIR)/Landmarks.app/Landmarks";
			};
			name = Debug;
		};
		3964FC03292083F900110A7C /* Release */ = {
			isa = XCBuildConfiguration;
			buildSettings = {
				ALWAYS_EMBED_SWIFT_STANDARD_LIBRARIES = YES;
				BUNDLE_LOADER = "$(TEST_HOST)";
				CODE_SIGN_STYLE = Automatic;
				CURRENT_PROJECT_VERSION = 1;
				DEVELOPMENT_TEAM = 57C3275WJD;
				GENERATE_INFOPLIST_FILE = YES;
				IPHONEOS_DEPLOYMENT_TARGET = 15.2;
				MARKETING_VERSION = 1.0;
				PRODUCT_BUNDLE_IDENTIFIER = kreier.org.LandmarksTests;
				PRODUCT_NAME = "$(TARGET_NAME)";
				SWIFT_EMIT_LOC_STRINGS = NO;
				SWIFT_VERSION = 5.0;
				TARGETED_DEVICE_FAMILY = "1,2";
				TEST_HOST = "$(BUILT_PRODUCTS_DIR)/Landmarks.app/Landmarks";
			};
			name = Release;
		};
		3964FC05292083F900110A7C /* Debug */ = {
			isa = XCBuildConfiguration;
			buildSettings = {
				ALWAYS_EMBED_SWIFT_STANDARD_LIBRARIES = YES;
				CODE_SIGN_STYLE = Automatic;
				CURRENT_PROJECT_VERSION = 1;
				DEVELOPMENT_TEAM = 57C3275WJD;
				GENERATE_INFOPLIST_FILE = YES;
				MARKETING_VERSION = 1.0;
				PRODUCT_BUNDLE_IDENTIFIER = kreier.org.LandmarksUITests;
				PRODUCT_NAME = "$(TARGET_NAME)";
				SWIFT_EMIT_LOC_STRINGS = NO;
				SWIFT_VERSION = 5.0;
				TARGETED_DEVICE_FAMILY = "1,2";
				TEST_TARGET_NAME = Landmarks;
			};
			name = Debug;
		};
		3964FC06292083F900110A7C /* Release */ = {
			isa = XCBuildConfiguration;
			buildSettings = {
				ALWAYS_EMBED_SWIFT_STANDARD_LIBRARIES = YES;
				CODE_SIGN_STYLE = Automatic;
				CURRENT_PROJECT_VERSION = 1;
				DEVELOPMENT_TEAM = 57C3275WJD;
				GENERATE_INFOPLIST_FILE = YES;
				MARKETING_VERSION = 1.0;
				PRODUCT_BUNDLE_IDENTIFIER = kreier.org.LandmarksUITests;
				PRODUCT_NAME = "$(TARGET_NAME)";
				SWIFT_EMIT_LOC_STRINGS = NO;
				SWIFT_VERSION = 5.0;
				TARGETED_DEVICE_FAMILY = "1,2";
				TEST_TARGET_NAME = Landmarks;
			};
			name = Release;
		};
/* End XCBuildConfiguration section */

/* Begin XCConfigurationList section */
		3964FBD5292083F500110A7C /* Build configuration list for PBXProject "Landmarks" */ = {
			isa = XCConfigurationList;
			buildConfigurations = (
				3964FBFC292083F900110A7C /* Debug */,
				3964FBFD292083F900110A7C /* Release */,
			);
			defaultConfigurationIsVisible = 0;
			defaultConfigurationName = Release;
		};
		3964FBFE292083F900110A7C /* Build configuration list for PBXNativeTarget "Landmarks" */ = {
			isa = XCConfigurationList;
			buildConfigurations = (
				3964FBFF292083F900110A7C /* Debug */,
				3964FC00292083F900110A7C /* Release */,
			);
			defaultConfigurationIsVisible = 0;
			defaultConfigurationName = Release;
		};
		3964FC01292083F900110A7C /* Build configuration list for PBXNativeTarget "LandmarksTests" */ = {
			isa = XCConfigurationList;
			buildConfigurations = (
				3964FC02292083F900110A7C /* Debug */,
				3964FC03292083F900110A7C /* Release */,
			);
			defaultConfigurationIsVisible = 0;
			defaultConfigurationName = Release;
		};
		3964FC04292083F900110A7C /* Build configuration list for PBXNativeTarget "LandmarksUITests" */ = {
			isa = XCConfigurationList;
			buildConfigurations = (
				3964FC05292083F900110A7C /* Debug */,
				3964FC06292083F900110A7C /* Release */,
			);
			defaultConfigurationIsVisible = 0;
			defaultConfigurationName = Release;
		};
/* End XCConfigurationList section */
	};
	rootObject = 3964FBD2292083F500110A7C /* Project object */;
}
